# This file is automatically @generated by Cargo.
# It is not intended for manual editing.
version = 4

[[package]]
name = "bitflags"
version = "2.9.2"
source = "registry+https://github.com/rust-lang/crates.io-index"
checksum = "6a65b545ab31d687cff52899d4890855fec459eb6afe0da6417b8a18da87aa29"

[[package]]
name = "compiler_builtins"
version = "0.1.160"
source = "registry+https://github.com/rust-lang/crates.io-index"
checksum = "6376049cfa92c0aa8b9ac95fae22184b981c658208d4ed8a1dc553cd83612895"

[[package]]
name = "itoa"
version = "1.0.15"
source = "registry+https://github.com/rust-lang/crates.io-index"
checksum = "4a5f13b858c8d314ee3e8f639011f7ccefe71f97f96e50151fb991f267928e2c"

[[package]]
name = "linux-raw-sys"
version = "0.10.0"
source = "registry+https://github.com/rust-lang/crates.io-index"
checksum = "13d6a630ed4f43c11056af8768c4773df2c43bc780b6d8a46de345c17236c562"

[[package]]
name = "maple"
version = "0.1.0"
dependencies = [
 "compiler_builtins",
 "itoa",
 "ryu",
 "xenia",
]

[[package]]
name = "ryu"
version = "1.0.20"
source = "registry+https://github.com/rust-lang/crates.io-index"
checksum = "28d3b2b1366ec20994f1fd18c3c594f05c5dd4bc44d8bb0c1c632c8d6829481f"

[[package]]
name = "startup"
version = "0.1.0"
dependencies = [
 "xenia",
]

[[package]]
name = "xenia"
version = "0.0.2"
dependencies = [
 "bitflags",
 "linux-raw-sys",
]
